
Microsoft Visual Studio Solution File, Format Version 12.00
# Visual Studio 15
VisualStudioVersion = 15.0.28010.2036
MinimumVisualStudioVersion = 10.0.40219.1
Project("{FAE04EC0-301F-11D3-BF4B-00C04F79EFBC}") = "string2", "string2\string2.csproj", "{1AF51FBF-F12E-42F4-833D-BB14FF671833}"
EndProject
Global
	GlobalSection(SolutionConfigurationPlatforms) = preSolution
		Debug|Any CPU = Debug|Any CPU
		Release|Any CPU = Release|Any CPU
	EndGlobalSection
	GlobalSection(ProjectConfigurationPlatforms) = postSolution
		{1AF51FBF-F12E-42F4-833D-BB14FF671833}.Debug|Any CPU.ActiveCfg = Debug|Any CPU
		{1AF51FBF-F12E-42F4-833D-BB14FF671833}.Debug|Any CPU.Build.0 = Debug|Any CPU
		{1AF51FBF-F12E-42F4-833D-BB14FF671833}.Release|Any CPU.ActiveCfg = Release|Any CPU
		{1AF51FBF-F12E-42F4-833D-BB14FF671833}.Release|Any CPU.Build.0 = Release|Any CPU
	EndGlobalSection
	GlobalSection(SolutionProperties) = preSolution
		HideSolutionNode = FALSE
	EndGlobalSection
	GlobalSection(ExtensibilityGlobals) = postSolution
		SolutionGuid = {0F8F78B9-5272-4CD4-8723-981E38178315}
	EndGlobalSection
EndGlobal
